{
    "nodes": {
        "blueprint": {
            "inputs": {
                "nixpkgs": [
                    "nixpkgs"
                ],
                "systems": [
                    "jasons-nix-flake-style-guide",
                    "systems"
                ]
            },
            "locked": {
                "lastModified": 1744632722,
                "narHash":
                "sha256-0chvqUV1Kzf8BMQ7MsH3CeicJEb2HeCpwliS77FGyfc=",
                "owner": "numtide",
                "repo": "blueprint",
                "rev": "49bbd5d072b577072f4a1d07d4b0621ecce768af",
                "type": "github"
            },
            "original": {
                "owner": "numtide",
                "repo": "blueprint",
                "type": "github"
            }
        },
        "disko": {
            "inputs": {
                "nixpkgs": [
                    "nixpkgs"
                ]
            },
            "locked": {
                "lastModified": 1749436314,
                "narHash":
                "sha256-CqmqU5FRg5AadtIkxwu8ulDSOSoIisUMZRLlcED3Q5w=",
                "owner": "nix-community",
                "repo": "disko",
                "rev": "dfa4d1b9c39c0342ef133795127a3af14598017a",
                "type": "github"
            },
            "original": {
                "owner": "nix-community",
                "repo": "disko",
                "type": "github"
            }
        },
        "jasons-nix-flake-style-guide": {
            "inputs": {
                "blueprint": [
                    "blueprint"
                ],
                "nixpkgs": [
                    "nixpkgs"
                ],
                "percent-encoding-rosetta-stone":
                "percent-encoding-rosetta-stone",
                "systems": "systems"
            },
            "locked": {
                "lastModified": 1749486138,
                "narHash":
                "sha256-gXUzkknN/0ZoQ6QSKwOVSPIEP2WLLSIiBN6Kl0tmsGs=",
                "ref": "refs/heads/main",
                "rev": "cbf5a8251a9b3244d8e81a13c3cb744e001519a1",
                "revCount": 92,
                "type": "git",
                "url":
"https://codeberg.org/JasonYundt/jasons-nix-flake-style-guide.git"
            },
            "original": {
                "type": "git",
                "url":
"https://codeberg.org/JasonYundt/jasons-nix-flake-style-guide.git"
            }
        },
        "nixpkgs": {
            "locked": {
                "lastModified": 1749494155,
                "narHash":
                "sha256-FG4DEYBpROupu758beabUk9lhrblSf5hnv84v1TLqMc=",
                "owner": "NixOS",
                "repo": "nixpkgs",
                "rev": "88331c17ba434359491e8d5889cce872464052c2",
                "type": "github"
            },
            "original": {
                "owner": "NixOS",
                "ref": "nixos-25.05",
                "repo": "nixpkgs",
                "type": "github"
            }
        },
        "percent-encoding-rosetta-stone": {
            "flake": false,
            "locked": {
                "lastModified": 1,
                "narHash":
                "sha256-6tgdbyzGtTaEeE+Ho6tLNv7lSlfQ7A24gtSMz4uATF8=",
                "type": "tarball",
                "url":
"https://codeberg.org/JasonYundt/percent-encoding-rosetta-stone/releases/download/v1/Percent-encoding%20Rosetta%20Stone%20version%201.tar.xz"
            },
            "original": {
                "type": "tarball",
                "url":
"https://codeberg.org/JasonYundt/percent-encoding-rosetta-stone/releases/download/v1/Percent-encoding%20Rosetta%20Stone%20version%201.tar.xz"
            }
        },
        "root": {
            "inputs": {
                "blueprint": "blueprint",
                "disko": "disko",
                "jasons-nix-flake-style-guide":
                "jasons-nix-flake-style-guide",
                "nixpkgs": "nixpkgs",
                "systems": [
                    "jasons-nix-flake-style-guide",
                    "systems"
                ]
            }
        },
        "systems": {
            "flake": false,
            "locked": {
                "path": "./supported-systems.nix",
                "type": "path"
            },
            "original": {
                "path": "./supported-systems.nix",
                "type": "path"
            },
            "parent": [
                "jasons-nix-flake-style-guide"
            ]
        }
    },
    "root": "root",
    "version": 7
}
