{
    "nodes": {
        "blueprint": {
            "inputs": {
                "nixpkgs": [
                    "nixpkgs"
                ],
                "systems": [
                    "jasons-nix-flake-style-guide",
                    "systems"
                ]
            },
            "locked": {
                "lastModified": 1744632722,
                "narHash":
                "sha256-0chvqUV1Kzf8BMQ7MsH3CeicJEb2HeCpwliS77FGyfc=",
                "owner": "numtide",
                "repo": "blueprint",
                "rev": "49bbd5d072b577072f4a1d07d4b0621ecce768af",
                "type": "github"
            },
            "original": {
                "owner": "numtide",
                "repo": "blueprint",
                "type": "github"
            }
        },
        "disko": {
            "inputs": {
                "nixpkgs": [
                    "nixpkgs"
                ]
            },
            "locked": {
                "lastModified": 1748832438,
                "narHash":
                "sha256-/CtyLVfNaFP7PrOPrTEuGOJBIhcBKVQ91KiEbtXJi0A=",
                "owner": "nix-community",
                "repo": "disko",
                "rev": "58d6e5a83fff9982d57e0a0a994d4e5c0af441e4",
                "type": "github"
            },
            "original": {
                "owner": "nix-community",
                "repo": "disko",
                "type": "github"
            }
        },
        "jasons-nix-flake-style-guide": {
            "inputs": {
                "blueprint": [
                    "blueprint"
                ],
                "nixpkgs": [
                    "nixpkgs"
                ],
                "systems": "systems"
            },
            "locked": {
                "lastModified": 1748877216,
                "narHash":
                "sha256-nGh2w5dRRZRmny3kGldMxxJGMPByeJwwPCNyHQ9/4Ok=",
                "ref": "refs/heads/main",
                "rev": "d0ef9129143f68fc498505a34520c8fe734ca960",
                "revCount": 88,
                "type": "git",
                "url":
"https://codeberg.org/JasonYundt/jasons-nix-flake-style-guide.git"
            },
            "original": {
                "type": "git",
                "url":
"https://codeberg.org/JasonYundt/jasons-nix-flake-style-guide.git"
            }
        },
        "nixpkgs": {
            "locked": {
                "lastModified": 1749024892,
                "narHash":
                "sha256-OGcDEz60TXQC+gVz5sdtgGJdKVYr6rwdzQKuZAJQpCA=",
                "owner": "NixOS",
                "repo": "nixpkgs",
                "rev": "8f1b52b04f2cb6e5ead50bd28d76528a2f0380ef",
                "type": "github"
            },
            "original": {
                "owner": "NixOS",
                "ref": "nixos-25.05",
                "repo": "nixpkgs",
                "type": "github"
            }
        },
        "root": {
            "inputs": {
                "blueprint": "blueprint",
                "disko": "disko",
                "jasons-nix-flake-style-guide":
                "jasons-nix-flake-style-guide",
                "nixpkgs": "nixpkgs",
                "systems": [
                    "jasons-nix-flake-style-guide",
                    "systems"
                ]
            }
        },
        "systems": {
            "flake": false,
            "locked": {
                "path": "./supported-systems.nix",
                "type": "path"
            },
            "original": {
                "path": "./supported-systems.nix",
                "type": "path"
            },
            "parent": [
                "jasons-nix-flake-style-guide"
            ]
        }
    },
    "root": "root",
    "version": 7
}
