{
    "nodes": {
        "blueprint": {
            "inputs": {
                "nixpkgs": [
                    "nixpkgs"
                ],
                "systems": [
                    "jasons-nix-flake-style-guide",
                    "systems"
                ]
            },
            "locked": {
                "lastModified": 1744632722,
                "narHash":
                "sha256-0chvqUV1Kzf8BMQ7MsH3CeicJEb2HeCpwliS77FGyfc=",
                "owner": "numtide",
                "repo": "blueprint",
                "rev": "49bbd5d072b577072f4a1d07d4b0621ecce768af",
                "type": "github"
            },
            "original": {
                "owner": "numtide",
                "repo": "blueprint",
                "type": "github"
            }
        },
        "disko": {
            "inputs": {
                "nixpkgs": [
                    "nixpkgs"
                ]
            },
            "locked": {
                "lastModified": 1750040002,
                "narHash":
                "sha256-KrC9iOVYIn6ukpVlHbqSA4hYCZ6oDyJKrcLqv4c5v84=",
                "owner": "nix-community",
                "repo": "disko",
                "rev": "7f1857b31522062a6a00f88cbccf86b43acceed1",
                "type": "github"
            },
            "original": {
                "owner": "nix-community",
                "repo": "disko",
                "type": "github"
            }
        },
        "forge-view-preview": {
            "inputs": {
                "blueprint": [
                    "blueprint"
                ],
                "jasons-nix-flake-style-guide": [
                    "jasons-nix-flake-style-guide"
                ],
                "nixpkgs": [
                    "nixpkgs"
                ],
                "systems": [
                    "systems"
                ]
            },
            "locked": {
                "lastModified": 1748864375,
                "narHash":
                "sha256-5/KEgXrXqbt+RC0apSv1ECjzH2nXRCbA2VSJWexkeiE=",
                "ref": "refs/heads/main",
                "rev": "0d0de4093b32b42ec2d67421ebd1a6502ab1a333",
                "revCount": 59,
                "type": "git",
                "url":
                "https://codeberg.org/JasonYundt/forge-view-preview.git"
            },
            "original": {
                "type": "git",
                "url":
                "https://codeberg.org/JasonYundt/forge-view-preview.git"
            }
        },
        "home-manager": {
            "inputs": {
                "nixpkgs": [
                    "nixpkgs"
                ]
            },
            "locked": {
                "lastModified": 1749154018,
                "narHash":
                "sha256-gjN3j7joRvT3a8Zgcylnd4NFsnXeDBumqiu4HmY1RIg=",
                "owner": "nix-community",
                "repo": "home-manager",
                "rev": "7aae0ee71a17b19708b93b3ed448a1a0952bf111",
                "type": "github"
            },
            "original": {
                "owner": "nix-community",
                "ref": "release-25.05",
                "repo": "home-manager",
                "type": "github"
            }
        },
        "jasons-nix-flake-style-guide": {
            "inputs": {
                "blueprint": [
                    "blueprint"
                ],
                "nixpkgs": [
                    "nixpkgs"
                ],
                "percent-encoding-rosetta-stone":
                "percent-encoding-rosetta-stone",
                "systems": "systems"
            },
            "locked": {
                "lastModified": 1749838239,
                "narHash":
                "sha256-eiZgsnNmfqZdRBpaevJ23nydPqt0H/jgUFJN3hVdblY=",
                "ref": "refs/heads/main",
                "rev": "f1191fae56f9ffe4253e3e439508b87b620f5907",
                "revCount": 95,
                "type": "git",
                "url":
"https://codeberg.org/JasonYundt/jasons-nix-flake-style-guide.git"
            },
            "original": {
                "type": "git",
                "url":
"https://codeberg.org/JasonYundt/jasons-nix-flake-style-guide.git"
            }
        },
        "nixpkgs": {
            "locked": {
                "lastModified": 1750400657,
                "narHash":
                "sha256-3vkjFnxCOP6vm5Pm13wC/Zy6/VYgei/I/2DWgW4RFeA=",
                "owner": "NixOS",
                "repo": "nixpkgs",
                "rev": "b2485d56967598da068b5a6946dadda8bfcbcd37",
                "type": "github"
            },
            "original": {
                "owner": "NixOS",
                "ref": "nixos-25.05",
                "repo": "nixpkgs",
                "type": "github"
            }
        },
        "percent-encoding-rosetta-stone": {
            "flake": false,
            "locked": {
                "lastModified": 1,
                "narHash":
                "sha256-6tgdbyzGtTaEeE+Ho6tLNv7lSlfQ7A24gtSMz4uATF8=",
                "type": "tarball",
                "url":
"https://codeberg.org/JasonYundt/percent-encoding-rosetta-stone/releases/download/v1/Percent-encoding%20Rosetta%20Stone%20version%201.tar.xz"
            },
            "original": {
                "type": "tarball",
                "url":
"https://codeberg.org/JasonYundt/percent-encoding-rosetta-stone/releases/download/v1/Percent-encoding%20Rosetta%20Stone%20version%201.tar.xz"
            }
        },
        "root": {
            "inputs": {
                "blueprint": "blueprint",
                "disko": "disko",
                "forge-view-preview": "forge-view-preview",
                "home-manager": "home-manager",
                "jasons-nix-flake-style-guide":
                "jasons-nix-flake-style-guide",
                "nixpkgs": "nixpkgs",
                "systems": [
                    "jasons-nix-flake-style-guide",
                    "systems"
                ]
            }
        },
        "systems": {
            "flake": false,
            "locked": {
                "path": "./supported-systems.nix",
                "type": "path"
            },
            "original": {
                "path": "./supported-systems.nix",
                "type": "path"
            },
            "parent": [
                "jasons-nix-flake-style-guide"
            ]
        }
    },
    "root": "root",
    "version": 7
}
